
Microsoft Visual Studio Solution File, Format Version 12.00
# Visual Studio 15
VisualStudioVersion = 15.0.28010.0
MinimumVisualStudioVersion = 10.0.40219.1
Project("{FAE04EC0-301F-11D3-BF4B-00C04F79EFBC}") = "Lab10", "Lab10\Lab10.csproj", "{A2B7C19F-D5CB-4019-A7DD-09E79DEF7E9D}"
EndProject
Global
	GlobalSection(SolutionConfigurationPlatforms) = preSolution
		Debug|Any CPU = Debug|Any CPU
		Release|Any CPU = Release|Any CPU
	EndGlobalSection
	GlobalSection(ProjectConfigurationPlatforms) = postSolution
		{A2B7C19F-D5CB-4019-A7DD-09E79DEF7E9D}.Debug|Any CPU.ActiveCfg = Debug|Any CPU
		{A2B7C19F-D5CB-4019-A7DD-09E79DEF7E9D}.Debug|Any CPU.Build.0 = Debug|Any CPU
		{A2B7C19F-D5CB-4019-A7DD-09E79DEF7E9D}.Release|Any CPU.ActiveCfg = Release|Any CPU
		{A2B7C19F-D5CB-4019-A7DD-09E79DEF7E9D}.Release|Any CPU.Build.0 = Release|Any CPU
	EndGlobalSection
	GlobalSection(SolutionProperties) = preSolution
		HideSolutionNode = FALSE
	EndGlobalSection
	GlobalSection(ExtensibilityGlobals) = postSolution
		SolutionGuid = {F0490CD3-8221-4A57-84A3-E96A83D427DB}
	EndGlobalSection
EndGlobal
